
Microsoft Visual Studio Solution File, Format Version 12.00
# Visual Studio Version 17
VisualStudioVersion = 17.3.32929.385
MinimumVisualStudioVersion = 10.0.40219.1
Project("{FAE04EC0-301F-11D3-BF4B-00C04F79EFBC}") = "InventoryManagement", "InventoryManagement.csproj", "{B7B9DEEE-B6B8-4C30-B37D-D227EBCAE855}"
EndProject
Global
	GlobalSection(SolutionConfigurationPlatforms) = preSolution
		Debug|Any CPU = Debug|Any CPU
		Release|Any CPU = Release|Any CPU
	EndGlobalSection
	GlobalSection(ProjectConfigurationPlatforms) = postSolution
		{B7B9DEEE-B6B8-4C30-B37D-D227EBCAE855}.Debug|Any CPU.ActiveCfg = Debug|Any CPU
		{B7B9DEEE-B6B8-4C30-B37D-D227EBCAE855}.Debug|Any CPU.Build.0 = Debug|Any CPU
		{B7B9DEEE-B6B8-4C30-B37D-D227EBCAE855}.Release|Any CPU.ActiveCfg = Release|Any CPU
		{B7B9DEEE-B6B8-4C30-B37D-D227EBCAE855}.Release|Any CPU.Build.0 = Release|Any CPU
	EndGlobalSection
	GlobalSection(SolutionProperties) = preSolution
		HideSolutionNode = FALSE
	EndGlobalSection
	GlobalSection(ExtensibilityGlobals) = postSolution
		SolutionGuid = {100D58ED-F6A3-4CDA-865D-6268890E8DBA}
	EndGlobalSection
EndGlobal
